{
  "version": 4,
  "terraform_version": "1.7.0",
  "serial": 3,
  "lineage": "e0bffedc-4a64-fa27-7c11-873025fe4933",
  "outputs": {},
  "resources": [
    {
      "module": "module.ts-customer",
      "mode": "managed",
      "type": "aws_dynamodb_table",
      "name": "customers",
      "provider": "provider[\"registry.terraform.io/hashicorp/aws\"]",
      "instances": [
        {
          "schema_version": 1,
          "attributes": {
            "arn": "arn:aws:dynamodb:us-east-1:191816042797:table/dev-customers",
            "attribute": [
              {
                "name": "id",
                "type": "S"
              }
            ],
            "billing_mode": "PROVISIONED",
            "deletion_protection_enabled": false,
            "global_secondary_index": [],
            "hash_key": "id",
            "id": "dev-customers",
            "import_table": [],
            "local_secondary_index": [],
            "name": "dev-customers",
            "point_in_time_recovery": [
              {
                "enabled": false
              }
            ],
            "range_key": null,
            "read_capacity": 1,
            "replica": [],
            "restore_date_time": null,
            "restore_source_name": null,
            "restore_to_latest_time": null,
            "server_side_encryption": [],
            "stream_arn": "",
            "stream_enabled": false,
            "stream_label": "",
            "stream_view_type": "",
            "table_class": "STANDARD",
            "tags": null,
            "tags_all": {},
            "timeouts": null,
            "ttl": [
              {
                "attribute_name": "",
                "enabled": false
              }
            ],
            "write_capacity": 1
          },
          "sensitive_attributes": [],
          "private": "eyJlMmJmYjczMC1lY2FhLTExZTYtOGY4OC0zNDM2M2JjN2M0YzAiOnsiY3JlYXRlIjoxODAwMDAwMDAwMDAwLCJkZWxldGUiOjYwMDAwMDAwMDAwMCwidXBkYXRlIjozNjAwMDAwMDAwMDAwfSwic2NoZW1hX3ZlcnNpb24iOiIxIn0="
        }
      ]
    },
    {
      "module": "module.ts-customer",
      "mode": "managed",
      "type": "aws_ssm_parameter",
      "name": "dynamodb_customers_table",
      "provider": "provider[\"registry.terraform.io/hashicorp/aws\"]",
      "instances": [
        {
          "schema_version": 0,
          "attributes": {
            "allowed_pattern": "",
            "arn": "arn:aws:ssm:us-east-1:191816042797:parameter/dev-dynamodb-customers-table",
            "data_type": "text",
            "description": "",
            "id": "dev-dynamodb-customers-table",
            "insecure_value": null,
            "key_id": "",
            "name": "dev-dynamodb-customers-table",
            "overwrite": null,
            "tags": null,
            "tags_all": {},
            "tier": "Standard",
            "type": "String",
            "value": "dev-customers",
            "version": 1
          },
          "sensitive_attributes": [],
          "private": "bnVsbA==",
          "dependencies": [
            "module.ts-customer.aws_dynamodb_table.customers"
          ]
        }
      ]
    }
  ],
  "check_results": null
}
