{
  "version": 4,
  "terraform_version": "1.7.1",
  "serial": 26,
  "lineage": "e0bffedc-4a64-fa27-7c11-873025fe4933",
  "outputs": {},
  "resources": [
    {
      "module": "module.ts-customer",
      "mode": "managed",
      "type": "aws_docdb_cluster",
      "name": "customers",
      "provider": "provider[\"registry.terraform.io/hashicorp/aws\"]",
      "instances": [
        {
          "schema_version": 0,
          "attributes": {
            "allow_major_version_upgrade": null,
            "apply_immediately": null,
            "arn": "arn:aws:rds:us-east-1:191816042797:cluster:dev-customers",
            "availability_zones": [
              "us-east-1b",
              "us-east-1c",
              "us-east-1d"
            ],
            "backup_retention_period": 1,
            "cluster_identifier": "dev-customers",
            "cluster_identifier_prefix": "",
            "cluster_members": [],
            "cluster_resource_id": "cluster-WQYJCHYWDSKC5Q7TBEOEVKRHGQ",
            "db_cluster_parameter_group_name": "default.docdb5.0",
            "db_subnet_group_name": "default",
            "deletion_protection": false,
            "enabled_cloudwatch_logs_exports": [],
            "endpoint": "dev-customers.cluster-cx00sgms2fqm.us-east-1.docdb.amazonaws.com",
            "engine": "docdb",
            "engine_version": "5.0.0",
            "final_snapshot_identifier": null,
            "global_cluster_identifier": "",
            "hosted_zone_id": "ZNKXH85TT8WVW",
            "id": "dev-customers",
            "kms_key_id": "",
            "master_password": "customer",
            "master_username": "customer",
            "port": 27017,
            "preferred_backup_window": "09:21-09:51",
            "preferred_maintenance_window": "sat:05:21-sat:05:51",
            "reader_endpoint": "dev-customers.cluster-ro-cx00sgms2fqm.us-east-1.docdb.amazonaws.com",
            "skip_final_snapshot": true,
            "snapshot_identifier": null,
            "storage_encrypted": false,
            "storage_type": "",
            "tags": {},
            "tags_all": {},
            "timeouts": null,
            "vpc_security_group_ids": [
              "sg-0352f8f189c08fe78"
            ]
          },
          "sensitive_attributes": [],
          "private": "eyJlMmJmYjczMC1lY2FhLTExZTYtOGY4OC0zNDM2M2JjN2M0YzAiOnsiY3JlYXRlIjo3MjAwMDAwMDAwMDAwLCJkZWxldGUiOjcyMDAwMDAwMDAwMDAsInVwZGF0ZSI6NzIwMDAwMDAwMDAwMH19"
        }
      ]
    },
    {
      "module": "module.ts-customer",
      "mode": "managed",
      "type": "aws_dynamodb_table",
      "name": "customers",
      "provider": "provider[\"registry.terraform.io/hashicorp/aws\"]",
      "instances": [
        {
          "schema_version": 1,
          "attributes": {
            "arn": "arn:aws:dynamodb:us-east-1:191816042797:table/dev-customers",
            "attribute": [
              {
                "name": "id",
                "type": "S"
              }
            ],
            "billing_mode": "PROVISIONED",
            "deletion_protection_enabled": false,
            "global_secondary_index": [],
            "hash_key": "id",
            "id": "dev-customers",
            "import_table": [],
            "local_secondary_index": [],
            "name": "dev-customers",
            "point_in_time_recovery": [
              {
                "enabled": false
              }
            ],
            "range_key": null,
            "read_capacity": 1,
            "replica": [],
            "restore_date_time": null,
            "restore_source_name": null,
            "restore_to_latest_time": null,
            "server_side_encryption": [],
            "stream_arn": "",
            "stream_enabled": false,
            "stream_label": "",
            "stream_view_type": "",
            "table_class": "STANDARD",
            "tags": {},
            "tags_all": {},
            "timeouts": null,
            "ttl": [
              {
                "attribute_name": "",
                "enabled": false
              }
            ],
            "write_capacity": 1
          },
          "sensitive_attributes": [],
          "private": "eyJlMmJmYjczMC1lY2FhLTExZTYtOGY4OC0zNDM2M2JjN2M0YzAiOnsiY3JlYXRlIjoxODAwMDAwMDAwMDAwLCJkZWxldGUiOjYwMDAwMDAwMDAwMCwidXBkYXRlIjozNjAwMDAwMDAwMDAwfSwic2NoZW1hX3ZlcnNpb24iOiIxIn0="
        }
      ]
    },
    {
      "module": "module.ts-customer",
      "mode": "managed",
      "type": "aws_iam_policy",
      "name": "create_policy",
      "provider": "provider[\"registry.terraform.io/hashicorp/aws\"]",
      "instances": [
        {
          "schema_version": 0,
          "attributes": {
            "arn": "arn:aws:iam::191816042797:policy/dev-create-policy",
            "description": "",
            "id": "arn:aws:iam::191816042797:policy/dev-create-policy",
            "name": "dev-create-policy",
            "name_prefix": "",
            "path": "/",
            "policy": "{\"Statement\":[{\"Action\":[\"docdb:Insert\"],\"Effect\":\"Allow\",\"Resource\":\"arn:aws:rds:us-east-1:191816042797:cluster:dev-customers\"},{\"Action\":[\"logs:CreateLogGroup\",\"logs:CreateLogStream\",\"logs:PutLogEvents\"],\"Effect\":\"Allow\",\"Resource\":\"*\"}],\"Version\":\"2012-10-17\"}",
            "policy_id": "ANPASZKJAREWYBXQVUXBC",
            "tags": {},
            "tags_all": {}
          },
          "sensitive_attributes": [],
          "private": "bnVsbA==",
          "dependencies": [
            "module.ts-customer.aws_docdb_cluster.customers"
          ]
        }
      ]
    },
    {
      "module": "module.ts-customer",
      "mode": "managed",
      "type": "aws_iam_policy_attachment",
      "name": "create_iam_attachment",
      "provider": "provider[\"registry.terraform.io/hashicorp/aws\"]",
      "instances": [
        {
          "schema_version": 0,
          "attributes": {
            "groups": [],
            "id": "dev-create-iam-attachment",
            "name": "dev-create-iam-attachment",
            "policy_arn": "arn:aws:iam::191816042797:policy/dev-create-policy",
            "roles": [
              "dev-create-iam-role"
            ],
            "users": []
          },
          "sensitive_attributes": [],
          "private": "bnVsbA==",
          "dependencies": [
            "module.ts-customer.aws_docdb_cluster.customers",
            "module.ts-customer.aws_iam_policy.create_policy",
            "module.ts-customer.aws_iam_role.create_iam_role"
          ]
        }
      ]
    },
    {
      "module": "module.ts-customer",
      "mode": "managed",
      "type": "aws_iam_role",
      "name": "create_iam_role",
      "provider": "provider[\"registry.terraform.io/hashicorp/aws\"]",
      "instances": [
        {
          "schema_version": 0,
          "attributes": {
            "arn": "arn:aws:iam::191816042797:role/dev-create-iam-role",
            "assume_role_policy": "{\"Statement\":[{\"Action\":\"sts:AssumeRole\",\"Effect\":\"Allow\",\"Principal\":{\"Service\":\"lambda.amazonaws.com\"},\"Sid\":\"\"}],\"Version\":\"2012-10-17\"}",
            "create_date": "2024-01-27T20:32:20Z",
            "description": "",
            "force_detach_policies": false,
            "id": "dev-create-iam-role",
            "inline_policy": [],
            "managed_policy_arns": [
              "arn:aws:iam::191816042797:policy/dev-create-policy"
            ],
            "max_session_duration": 3600,
            "name": "dev-create-iam-role",
            "name_prefix": "",
            "path": "/",
            "permissions_boundary": "",
            "tags": {},
            "tags_all": {},
            "unique_id": "AROASZKJAREWTV4AGYYCF"
          },
          "sensitive_attributes": [],
          "private": "bnVsbA=="
        }
      ]
    },
    {
      "module": "module.ts-customer",
      "mode": "managed",
      "type": "aws_ssm_parameter",
      "name": "create_iam_role",
      "provider": "provider[\"registry.terraform.io/hashicorp/aws\"]",
      "instances": [
        {
          "schema_version": 0,
          "attributes": {
            "allowed_pattern": "",
            "arn": "arn:aws:ssm:us-east-1:191816042797:parameter/dev-create-iam-role",
            "data_type": "text",
            "description": "",
            "id": "dev-create-iam-role",
            "insecure_value": null,
            "key_id": "",
            "name": "dev-create-iam-role",
            "overwrite": null,
            "tags": {},
            "tags_all": {},
            "tier": "Standard",
            "type": "String",
            "value": "arn:aws:iam::191816042797:role/dev-create-iam-role",
            "version": 1
          },
          "sensitive_attributes": [],
          "private": "bnVsbA==",
          "dependencies": [
            "module.ts-customer.aws_iam_role.create_iam_role"
          ]
        }
      ]
    },
    {
      "module": "module.ts-customer",
      "mode": "managed",
      "type": "aws_ssm_parameter",
      "name": "docdb_customers_cluster_id",
      "provider": "provider[\"registry.terraform.io/hashicorp/aws\"]",
      "instances": [
        {
          "schema_version": 0,
          "attributes": {
            "allowed_pattern": "",
            "arn": "arn:aws:ssm:us-east-1:191816042797:parameter/dev-documentdb-customers-table",
            "data_type": "text",
            "description": "",
            "id": "dev-documentdb-customers-table",
            "insecure_value": null,
            "key_id": "",
            "name": "dev-documentdb-customers-table",
            "overwrite": null,
            "tags": {},
            "tags_all": {},
            "tier": "Standard",
            "type": "String",
            "value": "dev-customers",
            "version": 1
          },
          "sensitive_attributes": [],
          "private": "bnVsbA==",
          "dependencies": [
            "module.ts-customer.aws_docdb_cluster.customers"
          ]
        }
      ]
    },
    {
      "module": "module.ts-customer",
      "mode": "managed",
      "type": "aws_ssm_parameter",
      "name": "dynamodb_customers_table",
      "provider": "provider[\"registry.terraform.io/hashicorp/aws\"]",
      "instances": [
        {
          "schema_version": 0,
          "attributes": {
            "allowed_pattern": "",
            "arn": "arn:aws:ssm:us-east-1:191816042797:parameter/dev-dynamodb-customers-table",
            "data_type": "text",
            "description": "",
            "id": "dev-dynamodb-customers-table",
            "insecure_value": null,
            "key_id": "",
            "name": "dev-dynamodb-customers-table",
            "overwrite": null,
            "tags": {},
            "tags_all": {},
            "tier": "Standard",
            "type": "String",
            "value": "dev-customers",
            "version": 1
          },
          "sensitive_attributes": [],
          "private": "bnVsbA==",
          "dependencies": [
            "module.ts-customer.aws_dynamodb_table.customers"
          ]
        }
      ]
    }
  ],
  "check_results": null
}
